
Microsoft Visual Studio Solution File, Format Version 10.00
# Visual Studio 2008
Project("{8BC9CEB8-8B4A-11D0-8D11-00A0C91BC942}") = "dyw", "dyw\dyw.vcproj", "{FFEA10E3-15CC-40B0-921E-F09E1E5FF683}"
EndProject
Global
	GlobalSection(SolutionConfigurationPlatforms) = preSolution
		Debug|Win32 = Debug|Win32
		Release|Win32 = Release|Win32
	EndGlobalSection
	GlobalSection(ProjectConfigurationPlatforms) = postSolution
		{FFEA10E3-15CC-40B0-921E-F09E1E5FF683}.Debug|Win32.ActiveCfg = Debug|Win32
		{FFEA10E3-15CC-40B0-921E-F09E1E5FF683}.Debug|Win32.Build.0 = Debug|Win32
		{FFEA10E3-15CC-40B0-921E-F09E1E5FF683}.Release|Win32.ActiveCfg = Release|Win32
		{FFEA10E3-15CC-40B0-921E-F09E1E5FF683}.Release|Win32.Build.0 = Release|Win32
	EndGlobalSection
	GlobalSection(SolutionProperties) = preSolution
		HideSolutionNode = FALSE
	EndGlobalSection
EndGlobal
